// !$*UTF8*$!
{
	archiveVersion = 1;
	classes = {
	};
	objectVersion = 56;
	objects = {

/* Begin PBXBuildFile section */
		5BCF188B2D677DA900F3B860 /* InterviewTestApp.swift in Sources */ = {isa = PBXBuildFile; fileRef = 5BCF188A2D677DA900F3B860 /* InterviewTestApp.swift */; };
		5BCF188D2D677DA900F3B860 /* StartView.swift in Sources */ = {isa = PBXBuildFile; fileRef = 5BCF188C2D677DA900F3B860 /* StartView.swift */; };
		5BCF188F2D677DA900F3B860 /* Item.swift in Sources */ = {isa = PBXBuildFile; fileRef = 5BCF188E2D677DA900F3B860 /* Item.swift */; };
		5BCF18912D677DAA00F3B860 /* Assets.xcassets in Resources */ = {isa = PBXBuildFile; fileRef = 5BCF18902D677DAA00F3B860 /* Assets.xcassets */; };
		5BCF18942D677DAA00F3B860 /* Preview Assets.xcassets in Resources */ = {isa = PBXBuildFile; fileRef = 5BCF18932D677DAA00F3B860 /* Preview Assets.xcassets */; };
		5BCF189E2D677DAB00F3B860 /* InterviewTestTests.swift in Sources */ = {isa = PBXBuildFile; fileRef = 5BCF189D2D677DAB00F3B860 /* InterviewTestTests.swift */; };
		5BCF18A82D677DAB00F3B860 /* InterviewTestUITests.swift in Sources */ = {isa = PBXBuildFile; fileRef = 5BCF18A72D677DAB00F3B860 /* InterviewTestUITests.swift */; };
		5BCF18AA2D677DAB00F3B860 /* InterviewTestUITestsLaunchTests.swift in Sources */ = {isa = PBXBuildFile; fileRef = 5BCF18A92D677DAB00F3B860 /* InterviewTestUITestsLaunchTests.swift */; };
		5BCF18B72D677DDC00F3B860 /* data.json in Resources */ = {isa = PBXBuildFile; fileRef = 5BCF18B62D677DDC00F3B860 /* data.json */; };
		5BCF18BB2D677E4900F3B860 /* DuckCoinAPIService.swift in Sources */ = {isa = PBXBuildFile; fileRef = 5BCF18BA2D677E4900F3B860 /* DuckCoinAPIService.swift */; };
		5BCF18BD2D677EC000F3B860 /* Model.swift in Sources */ = {isa = PBXBuildFile; fileRef = 5BCF18BC2D677EC000F3B860 /* Model.swift */; };
		5BCF18C12D677FFC00F3B860 /* StartViewModel.swift in Sources */ = {isa = PBXBuildFile; fileRef = 5BCF18C02D677FFC00F3B860 /* StartViewModel.swift */; };
/* End PBXBuildFile section */

/* Begin PBXContainerItemProxy section */
		5BCF189A2D677DAB00F3B860 /* PBXContainerItemProxy */ = {
			isa = PBXContainerItemProxy;
			containerPortal = 5BCF187F2D677DA900F3B860 /* Project object */;
			proxyType = 1;
			remoteGlobalIDString = 5BCF18862D677DA900F3B860;
			remoteInfo = PrimerTest;
		};
		5BCF18A42D677DAB00F3B860 /* PBXContainerItemProxy */ = {
			isa = PBXContainerItemProxy;
			containerPortal = 5BCF187F2D677DA900F3B860 /* Project object */;
			proxyType = 1;
			remoteGlobalIDString = 5BCF18862D677DA900F3B860;
			remoteInfo = PrimerTest;
		};
/* End PBXContainerItemProxy section */

/* Begin PBXFileReference section */
		5BCF18872D677DA900F3B860 /* InterviewTest.app */ = {isa = PBXFileReference; explicitFileType = wrapper.application; includeInIndex = 0; path = InterviewTest.app; sourceTree = BUILT_PRODUCTS_DIR; };
		5BCF188A2D677DA900F3B860 /* InterviewTestApp.swift */ = {isa = PBXFileReference; lastKnownFileType = sourcecode.swift; path = InterviewTestApp.swift; sourceTree = "<group>"; };
		5BCF188C2D677DA900F3B860 /* StartView.swift */ = {isa = PBXFileReference; lastKnownFileType = sourcecode.swift; path = StartView.swift; sourceTree = "<group>"; };
		5BCF188E2D677DA900F3B860 /* Item.swift */ = {isa = PBXFileReference; lastKnownFileType = sourcecode.swift; path = Item.swift; sourceTree = "<group>"; };
		5BCF18902D677DAA00F3B860 /* Assets.xcassets */ = {isa = PBXFileReference; lastKnownFileType = folder.assetcatalog; path = Assets.xcassets; sourceTree = "<group>"; };
		5BCF18932D677DAA00F3B860 /* Preview Assets.xcassets */ = {isa = PBXFileReference; lastKnownFileType = folder.assetcatalog; path = "Preview Assets.xcassets"; sourceTree = "<group>"; };
		5BCF18992D677DAB00F3B860 /* InterviewTestTests.xctest */ = {isa = PBXFileReference; explicitFileType = wrapper.cfbundle; includeInIndex = 0; path = InterviewTestTests.xctest; sourceTree = BUILT_PRODUCTS_DIR; };
		5BCF189D2D677DAB00F3B860 /* InterviewTestTests.swift */ = {isa = PBXFileReference; lastKnownFileType = sourcecode.swift; path = InterviewTestTests.swift; sourceTree = "<group>"; };
		5BCF18A32D677DAB00F3B860 /* InterviewTestUITests.xctest */ = {isa = PBXFileReference; explicitFileType = wrapper.cfbundle; includeInIndex = 0; path = InterviewTestUITests.xctest; sourceTree = BUILT_PRODUCTS_DIR; };
		5BCF18A72D677DAB00F3B860 /* InterviewTestUITests.swift */ = {isa = PBXFileReference; lastKnownFileType = sourcecode.swift; path = InterviewTestUITests.swift; sourceTree = "<group>"; };
		5BCF18A92D677DAB00F3B860 /* InterviewTestUITestsLaunchTests.swift */ = {isa = PBXFileReference; lastKnownFileType = sourcecode.swift; path = InterviewTestUITestsLaunchTests.swift; sourceTree = "<group>"; };
		5BCF18B62D677DDC00F3B860 /* data.json */ = {isa = PBXFileReference; lastKnownFileType = text.json; path = data.json; sourceTree = "<group>"; };
		5BCF18BA2D677E4900F3B860 /* DuckCoinAPIService.swift */ = {isa = PBXFileReference; lastKnownFileType = sourcecode.swift; path = DuckCoinAPIService.swift; sourceTree = "<group>"; };
		5BCF18BC2D677EC000F3B860 /* Model.swift */ = {isa = PBXFileReference; lastKnownFileType = sourcecode.swift; path = Model.swift; sourceTree = "<group>"; };
		5BCF18C02D677FFC00F3B860 /* StartViewModel.swift */ = {isa = PBXFileReference; lastKnownFileType = sourcecode.swift; path = StartViewModel.swift; sourceTree = "<group>"; };
/* End PBXFileReference section */

/* Begin PBXFrameworksBuildPhase section */
		5BCF18842D677DA900F3B860 /* Frameworks */ = {
			isa = PBXFrameworksBuildPhase;
			buildActionMask = 2147483647;
			files = (
			);
			runOnlyForDeploymentPostprocessing = 0;
		};
		5BCF18962D677DAB00F3B860 /* Frameworks */ = {
			isa = PBXFrameworksBuildPhase;
			buildActionMask = 2147483647;
			files = (
			);
			runOnlyForDeploymentPostprocessing = 0;
		};
		5BCF18A02D677DAB00F3B860 /* Frameworks */ = {
			isa = PBXFrameworksBuildPhase;
			buildActionMask = 2147483647;
			files = (
			);
			runOnlyForDeploymentPostprocessing = 0;
		};
/* End PBXFrameworksBuildPhase section */

/* Begin PBXGroup section */
		5BCF187E2D677DA900F3B860 = {
			isa = PBXGroup;
			children = (
				5BCF18892D677DA900F3B860 /* InterviewTest */,
				5BCF189C2D677DAB00F3B860 /* InterviewTestTests */,
				5BCF18A62D677DAB00F3B860 /* InterviewTestUITests */,
				5BCF18882D677DA900F3B860 /* Products */,
			);
			sourceTree = "<group>";
		};
		5BCF18882D677DA900F3B860 /* Products */ = {
			isa = PBXGroup;
			children = (
				5BCF18872D677DA900F3B860 /* InterviewTest.app */,
				5BCF18992D677DAB00F3B860 /* InterviewTestTests.xctest */,
				5BCF18A32D677DAB00F3B860 /* InterviewTestUITests.xctest */,
			);
			name = Products;
			sourceTree = "<group>";
		};
		5BCF18892D677DA900F3B860 /* InterviewTest */ = {
			isa = PBXGroup;
			children = (
				5BCF18BF2D677FDE00F3B860 /* View */,
				5BCF18BE2D677FD700F3B860 /* ViewModel */,
				5BCF18B92D677E1E00F3B860 /* Service */,
				5BCF18B82D677DF500F3B860 /* Model */,
				5BCF188A2D677DA900F3B860 /* InterviewTestApp.swift */,
				5BCF188E2D677DA900F3B860 /* Item.swift */,
				5BCF18902D677DAA00F3B860 /* Assets.xcassets */,
				5BCF18922D677DAA00F3B860 /* Preview Content */,
				5BCF18B62D677DDC00F3B860 /* data.json */,
			);
			path = InterviewTest;
			sourceTree = "<group>";
		};
		5BCF18922D677DAA00F3B860 /* Preview Content */ = {
			isa = PBXGroup;
			children = (
				5BCF18932D677DAA00F3B860 /* Preview Assets.xcassets */,
			);
			path = "Preview Content";
			sourceTree = "<group>";
		};
		5BCF189C2D677DAB00F3B860 /* InterviewTestTests */ = {
			isa = PBXGroup;
			children = (
				5BCF189D2D677DAB00F3B860 /* InterviewTestTests.swift */,
			);
			path = InterviewTestTests;
			sourceTree = "<group>";
		};
		5BCF18A62D677DAB00F3B860 /* InterviewTestUITests */ = {
			isa = PBXGroup;
			children = (
				5BCF18A72D677DAB00F3B860 /* InterviewTestUITests.swift */,
				5BCF18A92D677DAB00F3B860 /* InterviewTestUITestsLaunchTests.swift */,
			);
			path = InterviewTestUITests;
			sourceTree = "<group>";
		};
		5BCF18B82D677DF500F3B860 /* Model */ = {
			isa = PBXGroup;
			children = (
				5BCF18BC2D677EC000F3B860 /* Model.swift */,
			);
			path = Model;
			sourceTree = "<group>";
		};
		5BCF18B92D677E1E00F3B860 /* Service */ = {
			isa = PBXGroup;
			children = (
				5BCF18BA2D677E4900F3B860 /* DuckCoinAPIService.swift */,
			);
			path = Service;
			sourceTree = "<group>";
		};
		5BCF18BE2D677FD700F3B860 /* ViewModel */ = {
			isa = PBXGroup;
			children = (
				5BCF18C02D677FFC00F3B860 /* StartViewModel.swift */,
			);
			path = ViewModel;
			sourceTree = "<group>";
		};
		5BCF18BF2D677FDE00F3B860 /* View */ = {
			isa = PBXGroup;
			children = (
				5BCF188C2D677DA900F3B860 /* StartView.swift */,
			);
			path = View;
			sourceTree = "<group>";
		};
/* End PBXGroup section */

/* Begin PBXNativeTarget section */
		5BCF18862D677DA900F3B860 /* InterviewTest */ = {
			isa = PBXNativeTarget;
			buildConfigurationList = 5BCF18AD2D677DAB00F3B860 /* Build configuration list for PBXNativeTarget "InterviewTest" */;
			buildPhases = (
				5BCF18832D677DA900F3B860 /* Sources */,
				5BCF18842D677DA900F3B860 /* Frameworks */,
				5BCF18852D677DA900F3B860 /* Resources */,
			);
			buildRules = (
			);
			dependencies = (
			);
			name = InterviewTest;
			productName = PrimerTest;
			productReference = 5BCF18872D677DA900F3B860 /* InterviewTest.app */;
			productType = "com.apple.product-type.application";
		};
		5BCF18982D677DAB00F3B860 /* InterviewTestTests */ = {
			isa = PBXNativeTarget;
			buildConfigurationList = 5BCF18B02D677DAB00F3B860 /* Build configuration list for PBXNativeTarget "InterviewTestTests" */;
			buildPhases = (
				5BCF18952D677DAB00F3B860 /* Sources */,
				5BCF18962D677DAB00F3B860 /* Frameworks */,
				5BCF18972D677DAB00F3B860 /* Resources */,
			);
			buildRules = (
			);
			dependencies = (
				5BCF189B2D677DAB00F3B860 /* PBXTargetDependency */,
			);
			name = InterviewTestTests;
			productName = PrimerTestTests;
			productReference = 5BCF18992D677DAB00F3B860 /* InterviewTestTests.xctest */;
			productType = "com.apple.product-type.bundle.unit-test";
		};
		5BCF18A22D677DAB00F3B860 /* InterviewTestUITests */ = {
			isa = PBXNativeTarget;
			buildConfigurationList = 5BCF18B32D677DAB00F3B860 /* Build configuration list for PBXNativeTarget "InterviewTestUITests" */;
			buildPhases = (
				5BCF189F2D677DAB00F3B860 /* Sources */,
				5BCF18A02D677DAB00F3B860 /* Frameworks */,
				5BCF18A12D677DAB00F3B860 /* Resources */,
			);
			buildRules = (
			);
			dependencies = (
				5BCF18A52D677DAB00F3B860 /* PBXTargetDependency */,
			);
			name = InterviewTestUITests;
			productName = PrimerTestUITests;
			productReference = 5BCF18A32D677DAB00F3B860 /* InterviewTestUITests.xctest */;
			productType = "com.apple.product-type.bundle.ui-testing";
		};
/* End PBXNativeTarget section */

/* Begin PBXProject section */
		5BCF187F2D677DA900F3B860 /* Project object */ = {
			isa = PBXProject;
			attributes = {
				BuildIndependentTargetsInParallel = 1;
				LastSwiftUpdateCheck = 1540;
				LastUpgradeCheck = 1540;
				TargetAttributes = {
					5BCF18862D677DA900F3B860 = {
						CreatedOnToolsVersion = 15.4;
					};
					5BCF18982D677DAB00F3B860 = {
						CreatedOnToolsVersion = 15.4;
						TestTargetID = 5BCF18862D677DA900F3B860;
					};
					5BCF18A22D677DAB00F3B860 = {
						CreatedOnToolsVersion = 15.4;
						TestTargetID = 5BCF18862D677DA900F3B860;
					};
				};
			};
			buildConfigurationList = 5BCF18822D677DA900F3B860 /* Build configuration list for PBXProject "InterviewTest" */;
			compatibilityVersion = "Xcode 14.0";
			developmentRegion = en;
			hasScannedForEncodings = 0;
			knownRegions = (
				en,
				Base,
			);
			mainGroup = 5BCF187E2D677DA900F3B860;
			productRefGroup = 5BCF18882D677DA900F3B860 /* Products */;
			projectDirPath = "";
			projectRoot = "";
			targets = (
				5BCF18862D677DA900F3B860 /* InterviewTest */,
				5BCF18982D677DAB00F3B860 /* InterviewTestTests */,
				5BCF18A22D677DAB00F3B860 /* InterviewTestUITests */,
			);
		};
/* End PBXProject section */

/* Begin PBXResourcesBuildPhase section */
		5BCF18852D677DA900F3B860 /* Resources */ = {
			isa = PBXResourcesBuildPhase;
			buildActionMask = 2147483647;
			files = (
				5BCF18B72D677DDC00F3B860 /* data.json in Resources */,
				5BCF18942D677DAA00F3B860 /* Preview Assets.xcassets in Resources */,
				5BCF18912D677DAA00F3B860 /* Assets.xcassets in Resources */,
			);
			runOnlyForDeploymentPostprocessing = 0;
		};
		5BCF18972D677DAB00F3B860 /* Resources */ = {
			isa = PBXResourcesBuildPhase;
			buildActionMask = 2147483647;
			files = (
			);
			runOnlyForDeploymentPostprocessing = 0;
		};
		5BCF18A12D677DAB00F3B860 /* Resources */ = {
			isa = PBXResourcesBuildPhase;
			buildActionMask = 2147483647;
			files = (
			);
			runOnlyForDeploymentPostprocessing = 0;
		};
/* End PBXResourcesBuildPhase section */

/* Begin PBXSourcesBuildPhase section */
		5BCF18832D677DA900F3B860 /* Sources */ = {
			isa = PBXSourcesBuildPhase;
			buildActionMask = 2147483647;
			files = (
				5BCF18BD2D677EC000F3B860 /* Model.swift in Sources */,
				5BCF188D2D677DA900F3B860 /* StartView.swift in Sources */,
				5BCF18C12D677FFC00F3B860 /* StartViewModel.swift in Sources */,
				5BCF188F2D677DA900F3B860 /* Item.swift in Sources */,
				5BCF18BB2D677E4900F3B860 /* DuckCoinAPIService.swift in Sources */,
				5BCF188B2D677DA900F3B860 /* InterviewTestApp.swift in Sources */,
			);
			runOnlyForDeploymentPostprocessing = 0;
		};
		5BCF18952D677DAB00F3B860 /* Sources */ = {
			isa = PBXSourcesBuildPhase;
			buildActionMask = 2147483647;
			files = (
				5BCF189E2D677DAB00F3B860 /* InterviewTestTests.swift in Sources */,
			);
			runOnlyForDeploymentPostprocessing = 0;
		};
		5BCF189F2D677DAB00F3B860 /* Sources */ = {
			isa = PBXSourcesBuildPhase;
			buildActionMask = 2147483647;
			files = (
				5BCF18A82D677DAB00F3B860 /* InterviewTestUITests.swift in Sources */,
				5BCF18AA2D677DAB00F3B860 /* InterviewTestUITestsLaunchTests.swift in Sources */,
			);
			runOnlyForDeploymentPostprocessing = 0;
		};
/* End PBXSourcesBuildPhase section */

/* Begin PBXTargetDependency section */
		5BCF189B2D677DAB00F3B860 /* PBXTargetDependency */ = {
			isa = PBXTargetDependency;
			target = 5BCF18862D677DA900F3B860 /* InterviewTest */;
			targetProxy = 5BCF189A2D677DAB00F3B860 /* PBXContainerItemProxy */;
		};
		5BCF18A52D677DAB00F3B860 /* PBXTargetDependency */ = {
			isa = PBXTargetDependency;
			target = 5BCF18862D677DA900F3B860 /* InterviewTest */;
			targetProxy = 5BCF18A42D677DAB00F3B860 /* PBXContainerItemProxy */;
		};
/* End PBXTargetDependency section */

/* Begin XCBuildConfiguration section */
		5BCF18AB2D677DAB00F3B860 /* Debug */ = {
			isa = XCBuildConfiguration;
			buildSettings = {
				ALWAYS_SEARCH_USER_PATHS = NO;
				ASSETCATALOG_COMPILER_GENERATE_SWIFT_ASSET_SYMBOL_EXTENSIONS = YES;
				CLANG_ANALYZER_NONNULL = YES;
				CLANG_ANALYZER_NUMBER_OBJECT_CONVERSION = YES_AGGRESSIVE;
				CLANG_CXX_LANGUAGE_STANDARD = "gnu++20";
				CLANG_ENABLE_MODULES = YES;
				CLANG_ENABLE_OBJC_ARC = YES;
				CLANG_ENABLE_OBJC_WEAK = YES;
				CLANG_WARN_BLOCK_CAPTURE_AUTORELEASING = YES;
				CLANG_WARN_BOOL_CONVERSION = YES;
				CLANG_WARN_COMMA = YES;
				CLANG_WARN_CONSTANT_CONVERSION = YES;
				CLANG_WARN_DEPRECATED_OBJC_IMPLEMENTATIONS = YES;
				CLANG_WARN_DIRECT_OBJC_ISA_USAGE = YES_ERROR;
				CLANG_WARN_DOCUMENTATION_COMMENTS = YES;
				CLANG_WARN_EMPTY_BODY = YES;
				CLANG_WARN_ENUM_CONVERSION = YES;
				CLANG_WARN_INFINITE_RECURSION = YES;
				CLANG_WARN_INT_CONVERSION = YES;
				CLANG_WARN_NON_LITERAL_NULL_CONVERSION = YES;
				CLANG_WARN_OBJC_IMPLICIT_RETAIN_SELF = YES;
				CLANG_WARN_OBJC_LITERAL_CONVERSION = YES;
				CLANG_WARN_OBJC_ROOT_CLASS = YES_ERROR;
				CLANG_WARN_QUOTED_INCLUDE_IN_FRAMEWORK_HEADER = YES;
				CLANG_WARN_RANGE_LOOP_ANALYSIS = YES;
				CLANG_WARN_STRICT_PROTOTYPES = YES;
				CLANG_WARN_SUSPICIOUS_MOVE = YES;
				CLANG_WARN_UNGUARDED_AVAILABILITY = YES_AGGRESSIVE;
				CLANG_WARN_UNREACHABLE_CODE = YES;
				CLANG_WARN__DUPLICATE_METHOD_MATCH = YES;
				COPY_PHASE_STRIP = NO;
				DEBUG_INFORMATION_FORMAT = dwarf;
				ENABLE_STRICT_OBJC_MSGSEND = YES;
				ENABLE_TESTABILITY = YES;
				ENABLE_USER_SCRIPT_SANDBOXING = YES;
				GCC_C_LANGUAGE_STANDARD = gnu17;
				GCC_DYNAMIC_NO_PIC = NO;
				GCC_NO_COMMON_BLOCKS = YES;
				GCC_OPTIMIZATION_LEVEL = 0;
				GCC_PREPROCESSOR_DEFINITIONS = (
					"DEBUG=1",
					"$(inherited)",
				);
				GCC_WARN_64_TO_32_BIT_CONVERSION = YES;
				GCC_WARN_ABOUT_RETURN_TYPE = YES_ERROR;
				GCC_WARN_UNDECLARED_SELECTOR = YES;
				GCC_WARN_UNINITIALIZED_AUTOS = YES_AGGRESSIVE;
				GCC_WARN_UNUSED_FUNCTION = YES;
				GCC_WARN_UNUSED_VARIABLE = YES;
				IPHONEOS_DEPLOYMENT_TARGET = 17.5;
				LOCALIZATION_PREFERS_STRING_CATALOGS = YES;
				MTL_ENABLE_DEBUG_INFO = INCLUDE_SOURCE;
				MTL_FAST_MATH = YES;
				ONLY_ACTIVE_ARCH = YES;
				SDKROOT = iphoneos;
				SWIFT_ACTIVE_COMPILATION_CONDITIONS = "DEBUG $(inherited)";
				SWIFT_OPTIMIZATION_LEVEL = "-Onone";
			};
			name = Debug;
		};
		5BCF18AC2D677DAB00F3B860 /* Release */ = {
			isa = XCBuildConfiguration;
			buildSettings = {
				ALWAYS_SEARCH_USER_PATHS = NO;
				ASSETCATALOG_COMPILER_GENERATE_SWIFT_ASSET_SYMBOL_EXTENSIONS = YES;
				CLANG_ANALYZER_NONNULL = YES;
				CLANG_ANALYZER_NUMBER_OBJECT_CONVERSION = YES_AGGRESSIVE;
				CLANG_CXX_LANGUAGE_STANDARD = "gnu++20";
				CLANG_ENABLE_MODULES = YES;
				CLANG_ENABLE_OBJC_ARC = YES;
				CLANG_ENABLE_OBJC_WEAK = YES;
				CLANG_WARN_BLOCK_CAPTURE_AUTORELEASING = YES;
				CLANG_WARN_BOOL_CONVERSION = YES;
				CLANG_WARN_COMMA = YES;
				CLANG_WARN_CONSTANT_CONVERSION = YES;
				CLANG_WARN_DEPRECATED_OBJC_IMPLEMENTATIONS = YES;
				CLANG_WARN_DIRECT_OBJC_ISA_USAGE = YES_ERROR;
				CLANG_WARN_DOCUMENTATION_COMMENTS = YES;
				CLANG_WARN_EMPTY_BODY = YES;
				CLANG_WARN_ENUM_CONVERSION = YES;
				CLANG_WARN_INFINITE_RECURSION = YES;
				CLANG_WARN_INT_CONVERSION = YES;
				CLANG_WARN_NON_LITERAL_NULL_CONVERSION = YES;
				CLANG_WARN_OBJC_IMPLICIT_RETAIN_SELF = YES;
				CLANG_WARN_OBJC_LITERAL_CONVERSION = YES;
				CLANG_WARN_OBJC_ROOT_CLASS = YES_ERROR;
				CLANG_WARN_QUOTED_INCLUDE_IN_FRAMEWORK_HEADER = YES;
				CLANG_WARN_RANGE_LOOP_ANALYSIS = YES;
				CLANG_WARN_STRICT_PROTOTYPES = YES;
				CLANG_WARN_SUSPICIOUS_MOVE = YES;
				CLANG_WARN_UNGUARDED_AVAILABILITY = YES_AGGRESSIVE;
				CLANG_WARN_UNREACHABLE_CODE = YES;
				CLANG_WARN__DUPLICATE_METHOD_MATCH = YES;
				COPY_PHASE_STRIP = NO;
				DEBUG_INFORMATION_FORMAT = "dwarf-with-dsym";
				ENABLE_NS_ASSERTIONS = NO;
				ENABLE_STRICT_OBJC_MSGSEND = YES;
				ENABLE_USER_SCRIPT_SANDBOXING = YES;
				GCC_C_LANGUAGE_STANDARD = gnu17;
				GCC_NO_COMMON_BLOCKS = YES;
				GCC_WARN_64_TO_32_BIT_CONVERSION = YES;
				GCC_WARN_ABOUT_RETURN_TYPE = YES_ERROR;
				GCC_WARN_UNDECLARED_SELECTOR = YES;
				GCC_WARN_UNINITIALIZED_AUTOS = YES_AGGRESSIVE;
				GCC_WARN_UNUSED_FUNCTION = YES;
				GCC_WARN_UNUSED_VARIABLE = YES;
				IPHONEOS_DEPLOYMENT_TARGET = 17.5;
				LOCALIZATION_PREFERS_STRING_CATALOGS = YES;
				MTL_ENABLE_DEBUG_INFO = NO;
				MTL_FAST_MATH = YES;
				SDKROOT = iphoneos;
				SWIFT_COMPILATION_MODE = wholemodule;
				VALIDATE_PRODUCT = YES;
			};
			name = Release;
		};
		5BCF18AE2D677DAB00F3B860 /* Debug */ = {
			isa = XCBuildConfiguration;
			buildSettings = {
				ASSETCATALOG_COMPILER_APPICON_NAME = AppIcon;
				ASSETCATALOG_COMPILER_GLOBAL_ACCENT_COLOR_NAME = AccentColor;
				CODE_SIGN_STYLE = Automatic;
				CURRENT_PROJECT_VERSION = 1;
				DEVELOPMENT_ASSET_PATHS = "\"InterviewTest/Preview Content\"";
				DEVELOPMENT_TEAM = JC6FBQSHPM;
				ENABLE_PREVIEWS = YES;
				GENERATE_INFOPLIST_FILE = YES;
				INFOPLIST_KEY_UIApplicationSceneManifest_Generation = YES;
				INFOPLIST_KEY_UIApplicationSupportsIndirectInputEvents = YES;
				INFOPLIST_KEY_UILaunchScreen_Generation = YES;
				INFOPLIST_KEY_UISupportedInterfaceOrientations_iPad = "UIInterfaceOrientationPortrait UIInterfaceOrientationPortraitUpsideDown UIInterfaceOrientationLandscapeLeft UIInterfaceOrientationLandscapeRight";
				INFOPLIST_KEY_UISupportedInterfaceOrientations_iPhone = "UIInterfaceOrientationPortrait UIInterfaceOrientationLandscapeLeft UIInterfaceOrientationLandscapeRight";
				LD_RUNPATH_SEARCH_PATHS = (
					"$(inherited)",
					"@executable_path/Frameworks",
				);
				MARKETING_VERSION = 1.0;
				PRODUCT_BUNDLE_IDENTIFIER = com.coldmass.PrimerTest;
				PRODUCT_NAME = "$(TARGET_NAME)";
				SWIFT_EMIT_LOC_STRINGS = YES;
				SWIFT_VERSION = 5.0;
				TARGETED_DEVICE_FAMILY = "1,2";
			};
			name = Debug;
		};
		5BCF18AF2D677DAB00F3B860 /* Release */ = {
			isa = XCBuildConfiguration;
			buildSettings = {
				ASSETCATALOG_COMPILER_APPICON_NAME = AppIcon;
				ASSETCATALOG_COMPILER_GLOBAL_ACCENT_COLOR_NAME = AccentColor;
				CODE_SIGN_STYLE = Automatic;
				CURRENT_PROJECT_VERSION = 1;
				DEVELOPMENT_ASSET_PATHS = "\"InterviewTest/Preview Content\"";
				DEVELOPMENT_TEAM = JC6FBQSHPM;
				ENABLE_PREVIEWS = YES;
				GENERATE_INFOPLIST_FILE = YES;
				INFOPLIST_KEY_UIApplicationSceneManifest_Generation = YES;
				INFOPLIST_KEY_UIApplicationSupportsIndirectInputEvents = YES;
				INFOPLIST_KEY_UILaunchScreen_Generation = YES;
				INFOPLIST_KEY_UISupportedInterfaceOrientations_iPad = "UIInterfaceOrientationPortrait UIInterfaceOrientationPortraitUpsideDown UIInterfaceOrientationLandscapeLeft UIInterfaceOrientationLandscapeRight";
				INFOPLIST_KEY_UISupportedInterfaceOrientations_iPhone = "UIInterfaceOrientationPortrait UIInterfaceOrientationLandscapeLeft UIInterfaceOrientationLandscapeRight";
				LD_RUNPATH_SEARCH_PATHS = (
					"$(inherited)",
					"@executable_path/Frameworks",
				);
				MARKETING_VERSION = 1.0;
				PRODUCT_BUNDLE_IDENTIFIER = com.coldmass.PrimerTest;
				PRODUCT_NAME = "$(TARGET_NAME)";
				SWIFT_EMIT_LOC_STRINGS = YES;
				SWIFT_VERSION = 5.0;
				TARGETED_DEVICE_FAMILY = "1,2";
			};
			name = Release;
		};
		5BCF18B12D677DAB00F3B860 /* Debug */ = {
			isa = XCBuildConfiguration;
			buildSettings = {
				ALWAYS_EMBED_SWIFT_STANDARD_LIBRARIES = YES;
				BUNDLE_LOADER = "$(TEST_HOST)";
				CODE_SIGN_STYLE = Automatic;
				CURRENT_PROJECT_VERSION = 1;
				DEVELOPMENT_TEAM = JC6FBQSHPM;
				GENERATE_INFOPLIST_FILE = YES;
				IPHONEOS_DEPLOYMENT_TARGET = 17.5;
				MARKETING_VERSION = 1.0;
				PRODUCT_BUNDLE_IDENTIFIER = com.coldmass.PrimerTestTests;
				PRODUCT_NAME = "$(TARGET_NAME)";
				SWIFT_EMIT_LOC_STRINGS = NO;
				SWIFT_VERSION = 5.0;
				TARGETED_DEVICE_FAMILY = "1,2";
				TEST_HOST = "$(BUILT_PRODUCTS_DIR)/InterviewTest.app/$(BUNDLE_EXECUTABLE_FOLDER_PATH)/InterviewTest";
			};
			name = Debug;
		};
		5BCF18B22D677DAB00F3B860 /* Release */ = {
			isa = XCBuildConfiguration;
			buildSettings = {
				ALWAYS_EMBED_SWIFT_STANDARD_LIBRARIES = YES;
				BUNDLE_LOADER = "$(TEST_HOST)";
				CODE_SIGN_STYLE = Automatic;
				CURRENT_PROJECT_VERSION = 1;
				DEVELOPMENT_TEAM = JC6FBQSHPM;
				GENERATE_INFOPLIST_FILE = YES;
				IPHONEOS_DEPLOYMENT_TARGET = 17.5;
				MARKETING_VERSION = 1.0;
				PRODUCT_BUNDLE_IDENTIFIER = com.coldmass.PrimerTestTests;
				PRODUCT_NAME = "$(TARGET_NAME)";
				SWIFT_EMIT_LOC_STRINGS = NO;
				SWIFT_VERSION = 5.0;
				TARGETED_DEVICE_FAMILY = "1,2";
				TEST_HOST = "$(BUILT_PRODUCTS_DIR)/InterviewTest.app/$(BUNDLE_EXECUTABLE_FOLDER_PATH)/InterviewTest";
			};
			name = Release;
		};
		5BCF18B42D677DAB00F3B860 /* Debug */ = {
			isa = XCBuildConfiguration;
			buildSettings = {
				ALWAYS_EMBED_SWIFT_STANDARD_LIBRARIES = YES;
				CODE_SIGN_STYLE = Automatic;
				CURRENT_PROJECT_VERSION = 1;
				DEVELOPMENT_TEAM = JC6FBQSHPM;
				GENERATE_INFOPLIST_FILE = YES;
				MARKETING_VERSION = 1.0;
				PRODUCT_BUNDLE_IDENTIFIER = com.coldmass.PrimerTestUITests;
				PRODUCT_NAME = "$(TARGET_NAME)";
				SWIFT_EMIT_LOC_STRINGS = NO;
				SWIFT_VERSION = 5.0;
				TARGETED_DEVICE_FAMILY = "1,2";
				TEST_TARGET_NAME = PrimerTest;
			};
			name = Debug;
		};
		5BCF18B52D677DAB00F3B860 /* Release */ = {
			isa = XCBuildConfiguration;
			buildSettings = {
				ALWAYS_EMBED_SWIFT_STANDARD_LIBRARIES = YES;
				CODE_SIGN_STYLE = Automatic;
				CURRENT_PROJECT_VERSION = 1;
				DEVELOPMENT_TEAM = JC6FBQSHPM;
				GENERATE_INFOPLIST_FILE = YES;
				MARKETING_VERSION = 1.0;
				PRODUCT_BUNDLE_IDENTIFIER = com.coldmass.PrimerTestUITests;
				PRODUCT_NAME = "$(TARGET_NAME)";
				SWIFT_EMIT_LOC_STRINGS = NO;
				SWIFT_VERSION = 5.0;
				TARGETED_DEVICE_FAMILY = "1,2";
				TEST_TARGET_NAME = PrimerTest;
			};
			name = Release;
		};
/* End XCBuildConfiguration section */

/* Begin XCConfigurationList section */
		5BCF18822D677DA900F3B860 /* Build configuration list for PBXProject "InterviewTest" */ = {
			isa = XCConfigurationList;
			buildConfigurations = (
				5BCF18AB2D677DAB00F3B860 /* Debug */,
				5BCF18AC2D677DAB00F3B860 /* Release */,
			);
			defaultConfigurationIsVisible = 0;
			defaultConfigurationName = Release;
		};
		5BCF18AD2D677DAB00F3B860 /* Build configuration list for PBXNativeTarget "InterviewTest" */ = {
			isa = XCConfigurationList;
			buildConfigurations = (
				5BCF18AE2D677DAB00F3B860 /* Debug */,
				5BCF18AF2D677DAB00F3B860 /* Release */,
			);
			defaultConfigurationIsVisible = 0;
			defaultConfigurationName = Release;
		};
		5BCF18B02D677DAB00F3B860 /* Build configuration list for PBXNativeTarget "InterviewTestTests" */ = {
			isa = XCConfigurationList;
			buildConfigurations = (
				5BCF18B12D677DAB00F3B860 /* Debug */,
				5BCF18B22D677DAB00F3B860 /* Release */,
			);
			defaultConfigurationIsVisible = 0;
			defaultConfigurationName = Release;
		};
		5BCF18B32D677DAB00F3B860 /* Build configuration list for PBXNativeTarget "InterviewTestUITests" */ = {
			isa = XCConfigurationList;
			buildConfigurations = (
				5BCF18B42D677DAB00F3B860 /* Debug */,
				5BCF18B52D677DAB00F3B860 /* Release */,
			);
			defaultConfigurationIsVisible = 0;
			defaultConfigurationName = Release;
		};
/* End XCConfigurationList section */
	};
	rootObject = 5BCF187F2D677DA900F3B860 /* Project object */;
}
